{
  "name": "my-project",
  "version": "1.0.0",
  "lockfileVersion": 1,
  "requires": true,
  "dependencies": {
    "first-follow": {
      "version": "4.0.6",
      "resolved": "https://registry.npmjs.org/first-follow/-/first-follow-4.0.6.tgz",
      "integrity": "sha512-ztLS+7dtEVGUnfTLK7cX9+jySZhnprVllc74PlDMas7eL0noJ1U9AnqAOyW9Y4PVCYCKCsggrkeKXGzAXjKMWg=="
    }
  }
}
